
Microsoft Visual Studio Solution File, Format Version 12.00
# Visual Studio Version 17
VisualStudioVersion = 17.3.32929.385
MinimumVisualStudioVersion = 10.0.40219.1
Project("{FAE04EC0-301F-11D3-BF4B-00C04F79EFBC}") = "MarkSharp", "MarkSharp.csproj", "{76D9B825-4884-47D5-84D9-CFF30C8A9338}"
EndProject
Global
	GlobalSection(SolutionConfigurationPlatforms) = preSolution
		Debug|Any CPU = Debug|Any CPU
		Release|Any CPU = Release|Any CPU
	EndGlobalSection
	GlobalSection(ProjectConfigurationPlatforms) = postSolution
		{76D9B825-4884-47D5-84D9-CFF30C8A9338}.Debug|Any CPU.ActiveCfg = Debug|Any CPU
		{76D9B825-4884-47D5-84D9-CFF30C8A9338}.Debug|Any CPU.Build.0 = Debug|Any CPU
		{76D9B825-4884-47D5-84D9-CFF30C8A9338}.Release|Any CPU.ActiveCfg = Release|Any CPU
		{76D9B825-4884-47D5-84D9-CFF30C8A9338}.Release|Any CPU.Build.0 = Release|Any CPU
	EndGlobalSection
	GlobalSection(SolutionProperties) = preSolution
		HideSolutionNode = FALSE
	EndGlobalSection
	GlobalSection(ExtensibilityGlobals) = postSolution
		SolutionGuid = {F9994DB9-BC6E-4A84-9E21-C1FB7BA08C37}
	EndGlobalSection
EndGlobal
